
Microsoft Visual Studio Solution File, Format Version 12.00
# Visual Studio Version 17
VisualStudioVersion = 17.11.35312.102
MinimumVisualStudioVersion = 10.0.40219.1
Project("{FAE04EC0-301F-11D3-BF4B-00C04F79EFBC}") = "ApplicationLayer", "ApplicationLayer\ApplicationLayer.csproj", "{6BA1AE00-1DF7-4C7E-8311-49758EE54E7A}"
EndProject
Project("{FAE04EC0-301F-11D3-BF4B-00C04F79EFBC}") = "DataAccessLayer", "DataAccessLayer\DataAccessLayer.csproj", "{B03E29D4-1F63-43A6-B7AC-6F3096BEA297}"
EndProject
Global
	GlobalSection(SolutionConfigurationPlatforms) = preSolution
		Debug|Any CPU = Debug|Any CPU
		Release|Any CPU = Release|Any CPU
	EndGlobalSection
	GlobalSection(ProjectConfigurationPlatforms) = postSolution
		{6BA1AE00-1DF7-4C7E-8311-49758EE54E7A}.Debug|Any CPU.ActiveCfg = Debug|Any CPU
		{6BA1AE00-1DF7-4C7E-8311-49758EE54E7A}.Debug|Any CPU.Build.0 = Debug|Any CPU
		{6BA1AE00-1DF7-4C7E-8311-49758EE54E7A}.Release|Any CPU.ActiveCfg = Release|Any CPU
		{6BA1AE00-1DF7-4C7E-8311-49758EE54E7A}.Release|Any CPU.Build.0 = Release|Any CPU
		{B03E29D4-1F63-43A6-B7AC-6F3096BEA297}.Debug|Any CPU.ActiveCfg = Debug|Any CPU
		{B03E29D4-1F63-43A6-B7AC-6F3096BEA297}.Debug|Any CPU.Build.0 = Debug|Any CPU
		{B03E29D4-1F63-43A6-B7AC-6F3096BEA297}.Release|Any CPU.ActiveCfg = Release|Any CPU
		{B03E29D4-1F63-43A6-B7AC-6F3096BEA297}.Release|Any CPU.Build.0 = Release|Any CPU
	EndGlobalSection
	GlobalSection(SolutionProperties) = preSolution
		HideSolutionNode = FALSE
	EndGlobalSection
	GlobalSection(ExtensibilityGlobals) = postSolution
		SolutionGuid = {CDB3321E-7000-4536-A43C-CACE8666F6F6}
	EndGlobalSection
EndGlobal
